<?xml version="1.0" encoding="utf-8"?>
<Project ToolsVersion="4.0" xmlns="http://schemas.microsoft.com/developer/msbuild/2003">
  <ItemGroup>
    <Filter Include="Source Files">
      <UniqueIdentifier>{4FC737F1-C7A5-4376-A066-2A32D752A2FF}</UniqueIdentifier>
      <Extensions>cpp;c;cc;cxx;c++;cppm;ixx;def;odl;idl;hpj;bat;asm;asmx</Extensions>
    </Filter>
    <Filter Include="Header Files">
      <UniqueIdentifier>{93995380-89BD-4b04-88EB-625FBE52EBFB}</UniqueIdentifier>
      <Extensions>h;hh;hpp;hxx;h++;hm;inl;inc;ipp;xsd</Extensions>
    </Filter>
    <Filter Include="Resource Files">
      <UniqueIdentifier>{67DA6AB6-F800-4c08-8B7A-83BB121AAD01}</UniqueIdentifier>
      <Extensions>rc;ico;cur;bmp;dlg;rc2;rct;bin;rgs;gif;jpg;jpeg;jpe;resx;tiff;tif;png;wav;mfcribbon-ms</Extensions>
    </Filter>
    <Filter Include="Header Files\defines">
      <UniqueIdentifier>{b533a8af-420f-4d68-9023-4cbd25496fe3}</UniqueIdentifier>
    </Filter>
    <Filter Include="Header Files\defines\handle">
      <UniqueIdentifier>{18fe4902-0098-417e-8af7-f8f043c5a0c1}</UniqueIdentifier>
    </Filter>
    <Filter Include="Header Files\interface">
      <UniqueIdentifier>{09145299-8967-42a4-80c8-1dc7f703b397}</UniqueIdentifier>
    </Filter>
    <Filter Include="Header Files\defines\export">
      <UniqueIdentifier>{20e229ba-57d7-45c0-a8a3-c6af8bb4dec8}</UniqueIdentifier>
    </Filter>
    <Filter Include="Header Files\interface\format">
      <UniqueIdentifier>{755d56ba-40bd-4396-951f-4b02b620019b}</UniqueIdentifier>
    </Filter>
    <Filter Include="Header Files\interface\format\kernel">
      <UniqueIdentifier>{63b3432c-be92-414d-ae26-2f6c12f05600}</UniqueIdentifier>
    </Filter>
  </ItemGroup>
  <ItemGroup>
    <ClInclude Include="..\..\..\..\include\messaging\defines\handle\opaque.h">
      <Filter>Header Files\defines\handle</Filter>
    </ClInclude>
    <ClInclude Include="..\..\..\..\include\messaging\interface\messaging.h">
      <Filter>Header Files\interface</Filter>
    </ClInclude>
    <ClInclude Include="..\..\..\..\include\messaging\defines\export\export.h">
      <Filter>Header Files\defines\export</Filter>
    </ClInclude>
    <ClInclude Include="..\..\..\..\include\messaging\interface\opcode.h">
      <Filter>Header Files\interface</Filter>
    </ClInclude>
    <ClInclude Include="..\..\..\..\include\messaging\interface\format\kernel\format.h">
      <Filter>Header Files\interface\format\kernel</Filter>
    </ClInclude>
    <ClInclude Include="..\..\..\..\include\messaging\interface\format\kernel\format_modules.h">
      <Filter>Header Files\interface\format\kernel</Filter>
    </ClInclude>
  </ItemGroup>
</Project>